
Microsoft Visual Studio Solution File, Format Version 12.00
# Visual Studio 14
VisualStudioVersion = 14.0.25420.1
MinimumVisualStudioVersion = 10.0.40219.1
Project("{FAE04EC0-301F-11D3-BF4B-00C04F79EFBC}") = "PixelRenderer", "PixelRenderer\PixelRenderer.csproj", "{DC5FE0BF-7FF1-4725-97EE-58744401FD90}"
EndProject
Project("{D954291E-2A0B-460D-934E-DC6B0785DB48}") = "SharedProject1", "SharedProject1\SharedProject1.shproj", "{D838F07B-B1B2-4C88-8B40-B5C8880749E4}"
EndProject
Global
	GlobalSection(SharedMSBuildProjectFiles) = preSolution
		SharedProject1\SharedProject1.projitems*{d838f07b-b1b2-4c88-8b40-b5c8880749e4}*SharedItemsImports = 13
		SharedProject1\SharedProject1.projitems*{dc5fe0bf-7ff1-4725-97ee-58744401fd90}*SharedItemsImports = 4
	EndGlobalSection
	GlobalSection(SolutionConfigurationPlatforms) = preSolution
		Debug|Any CPU = Debug|Any CPU
		Release|Any CPU = Release|Any CPU
	EndGlobalSection
	GlobalSection(ProjectConfigurationPlatforms) = postSolution
		{DC5FE0BF-7FF1-4725-97EE-58744401FD90}.Debug|Any CPU.ActiveCfg = Debug|Any CPU
		{DC5FE0BF-7FF1-4725-97EE-58744401FD90}.Debug|Any CPU.Build.0 = Debug|Any CPU
		{DC5FE0BF-7FF1-4725-97EE-58744401FD90}.Release|Any CPU.ActiveCfg = Release|Any CPU
		{DC5FE0BF-7FF1-4725-97EE-58744401FD90}.Release|Any CPU.Build.0 = Release|Any CPU
	EndGlobalSection
	GlobalSection(SolutionProperties) = preSolution
		HideSolutionNode = FALSE
	EndGlobalSection
EndGlobal
